#MicroXplorer Configuration settings - do not modify
SPI2.VirtualType=VM_MASTER
PB10.Mode=RGB666
SAI1.FIFOThreshold-SAI_A_Master=SAI_FIFOTHRESHOLD_FULL
WWDG1.EWIMode=WWDG_EWI_ENABLE
PC7.Locked=true
SH.COMP_DAC21_group.0=DAC2_OUT1,DAC_OUT1
PD8.Locked=true
VP_RTC_VS_RTC_Activate.Mode=RTC_Enabled
DAC1.IPParameters=DAC_Channel-DAC_OUT2
RCC.RTCFreq_Value=32000
PD4.Locked=true
PD0.Locked=true
RCC.CpuClockFreq_Value=280000000
PB13.Signal=SPI2_SCK
PinOutPanel.RotationAngle=0
SAI1.Instance-SAI_A_Master=SAI$Index_Block_A
RCC.MCO1PinFreq_Value=64000000
RCC.SYSCLKSource=RCC_SYSCLKSOURCE_PLLCLK
RCC.AHB4Freq_Value=280000000
VP_WWDG1_VS_WWDG.Signal=WWDG1_VS_WWDG
RCC.SPI123CLockSelection=RCC_SPI123CLKSOURCE_CLKP
RCC.LPTIM1Freq_Value=140000000
OCTOSPI1.ChipSelectBoundary=0
RCC.SAI2BFreq_Value=280000000
NVIC.SVCall_IRQn=true\:0\:0\:false\:false\:true\:false\:false
CORTEX_M7.Enable-Cortex_Memory_Protection_Unit_Region0_Settings=MPU_REGION_ENABLE
RTC.SynchPrediv=255
PD15.GPIOParameters=GPIO_PuPd,GPIO_Label
RCC.I2C4Freq_Value=140000000
PE2.Mode=OCTOSPI1_IOL_Port1L
PD4.Signal=GPIO_Output
PC7.Signal=LTDC_G6
PB12.PinState=GPIO_PIN_SET
RCC.DIVQ3Freq_Value=72000000
RTC.IPParameters=SynchPrediv,AsynchPrediv
PD0.Signal=GPIO_Input
PD8.Signal=GPIO_Output
PE5.Signal=SAI1_SCK_A
ProjectManager.ProjectBuild=false
NVIC.UsageFault_IRQn=true\:0\:0\:false\:false\:true\:false\:false
PA0.Locked=true
PB2.Signal=OCTOSPIM_P1_CLK
PA8.Locked=true
PA4.Locked=true
RCC.DIVM3=4
VP_OCTOSPI1_VS_quad.Mode=quad_mode
PC1.GPIO_PuPd=GPIO_PULLUP
RCC.DIVM2=25
PD1.GPIOParameters=PinState
RCC.DIVM1=16
RCC.DFSDM2Freq_Value=140000000
ProjectManager.FirmwarePackage=STM32Cube FW_H7 V1.8.0
MxDb.Version=DB.6.0.10
PE15.Locked=true
LTDC.IPParameters=HSync,HBP,ActiveW,PCPolarity,WindowX1_L0,WindowY1_L0,Layers,PixelFormat_L0,Alpha0_L0,Alpha_L0,FBStartAdress_L0,ImageWidth_L0,ImageHeight_L0,Green_L0,VSync,ActiveH,VBP,HFP,VFP
LTDC.PixelFormat_L0=LTDC_PIXEL_FORMAT_L8
ProjectManager.BackupPrevious=false
RCC.FMCFreq_Value=280000000
RCC.SAI1CLockSelection=RCC_SAI1CLKSOURCE_PLL2
Dma.SAI1_A.0.Polarity=HAL_DMAMUX_REQ_GEN_RISING
RCC.DFSDM2ACLkFreq_Value=140000000
PB14.Mode=RGB666
RCC.USART16Freq_Value=140000000
PC9.Mode=RGB666
SPI2.CalculateBaudRate=4.0 MBits/s
PE2.Signal=OCTOSPIM_P1_IO2
PA8.Signal=LTDC_R6
PD14.GPIO_PuPd=GPIO_PULLUP
PE13.Mode=RGB666
NVIC.PendSV_IRQn=true\:0\:0\:false\:false\:true\:false\:false
NVIC.SAI1_IRQn=true\:0\:0\:false\:false\:true\:true\:true
PD3.Mode=RGB666
RCC.DIVR2Freq_Value=98304000
LTDC.HSync=10
ProjectManager.HalAssertFull=false
RCC.DIVP2Freq_Value=98304000
PA0.Signal=GPIO_Input
CORTEX_M7.DisableExec-Cortex_Memory_Protection_Unit_Region1_Settings=MPU_INSTRUCTION_ACCESS_DISABLE
Dma.SAI1_A.0.PeriphBurst=DMA_PBURST_SINGLE
RCC.MCO2PinFreq_Value=280000000
Mcu.Package=LQFP100
PB1.Signal=OCTOSPIM_P1_IO0
PA5.Locked=true
SPI2.Mode=SPI_MODE_MASTER
RCC.PLL3FRACN=0
PD11.Locked=true
PD12.Signal=OCTOSPIM_P1_IO1
PD5.GPIOParameters=GPIO_PuPd,GPIO_Label
VP_SYS_VS_Systick.Signal=SYS_VS_Systick
PA10.Signal=LTDC_B4
VP_RTC_VS_RTC_Calendar.Mode=RTC_Calendar
RCC.DFSDMFreq_Value=140000000
Dma.SAI1_A.0.SyncSignalID=NONE
SAI1.VirtualMode-SAI_A_Master=VM_MASTER
RCC.TraceFreq_Value=64000000
LTDC.VSync=2
RCC.APB4Freq_Value=140000000
RCC.CECFreq_Value=32000
CORTEX_M7.Enable-Cortex_Memory_Protection_Unit_Region1_Settings=MPU_REGION_ENABLE
NVIC.BusFault_IRQn=true\:0\:0\:false\:false\:true\:false\:false
RCC.LPUART1Freq_Value=140000000
PB13.Mode=TX_Only_Simplex_Unidirect_Master
PE6.Locked=true
PD9.GPIO_PuPd=GPIO_PULLUP
PD5.Locked=true
PD15.Signal=GPIO_Input
ProjectManager.CustomerFirmwarePackage=
Dma.SAI1_A.0.FIFOThreshold=DMA_FIFO_THRESHOLD_FULL
RCC.VCO3OutputFreq_Value=144000000
RCC.VDD_VALUE=1.8
ProjectManager.ProjectFileName=gw_retrogo.ioc
DAC1.DAC_Channel-DAC_OUT2=DAC_CHANNEL_2
PD9.GPIO_Label=BTN_A
Mcu.PinsNb=59
VP_SAI1_VP_$IpInstance_SAIA_SAI_BASIC.Mode=SAI_A_BASIC
PC13.Locked=true
PC13.Signal=GPIO_Input
RCC.SWPMI1Freq_Value=140000000
PD3.Signal=LTDC_G7
PC6.Signal=LTDC_HSYNC
PD1.Signal=GPIO_Output
VP_SAI1_VP_$IpInstance_SAIA_SAI_BASIC.Signal=SAI1_VP_$IpInstance_SAIA_SAI_BASIC
RCC.DIVP2=5
PC0.Signal=LTDC_G2
PB14.Locked=true
PC14-OSC32_IN.Signal=RCC_OSC32_IN
RCC.QSPIFreq_Value=64000000
PD6.Mode=RGB666
SAI1.RealAudioFreq-SAI_A_Master=48.0 KHz
LTDC.ImageWidth_L0=320
PD10.Signal=LTDC_B3
PD4.PinState=GPIO_PIN_RESET
RCC.USART234578Freq_Value=140000000
PA11.Locked=true
RCC.Tim1OutputFreq_Value=280000000
RCC.CDPPRE1=RCC_APB1_DIV2
Mcu.Pin57=VP_SYS_VS_Systick
RCC.CDPPRE2=RCC_APB2_DIV2
RCC.SPI123Freq_Value=64000000
Mcu.Pin58=VP_WWDG1_VS_WWDG
PB11.Mode=RGB666
Mcu.Pin51=PB5
Dma.SAI1_A.0.RequestNumber=1
Mcu.Pin52=PB8
SH.COMP_DAC11_group.0=DAC1_OUT1,DAC_OUT1
Mcu.Pin50=PD6
PC6.Mode=RGB666
Mcu.Pin55=VP_RTC_VS_RTC_Calendar
Mcu.Pin56=VP_SAI1_VP_$IpInstance_SAIA_SAI_BASIC
Mcu.Pin53=VP_OCTOSPI1_VS_quad
Mcu.Pin54=VP_RTC_VS_RTC_Activate
PC6.Locked=true
PA9.Signal=LTDC_R5
RCC.DIVN3=9
RCC.DIVN2=192
RCC.DIVN1=140
PB5.Locked=true
CORTEX_M7.BaseAddress-Cortex_Memory_Protection_Unit_Region0_Settings=0x30000000
Mcu.Pin48=PD4
Mcu.Pin49=PD5
Mcu.Pin46=PD2
Mcu.Pin47=PD3
PB10.Signal=LTDC_G4
PB14.Signal=LTDC_CLK
PA5.Signal=COMP_DAC12_group
Mcu.Pin40=PA9
Mcu.Pin41=PA10
Mcu.Pin44=PD0
Mcu.Pin45=PD1
Mcu.Pin42=PA11
Mcu.Pin43=PC10
ProjectManager.LastFirmware=true
Dma.SAI1_A.0.PeriphInc=DMA_PINC_DISABLE
RCC.AHB12Freq_Value=280000000
PA1.Mode=OCTOSPI1_IOL_Port1L
PE6.Mode=SAI_A_Master
PE15.Signal=LTDC_R7
Mcu.Pin37=PC7
Mcu.Pin38=PC9
Mcu.Pin35=PD15
Mcu.Pin36=PC6
Mcu.Pin39=PA8
SAI1.MckOutput=SAI_MCK_OUTPUT_DISABLE
RCC.RNGFreq_Value=48000000
Mcu.Pin30=PD9
Mcu.Pin33=PD12
CORTEX_M7.AccessPermission-Cortex_Memory_Protection_Unit_Region0_Settings=MPU_REGION_FULL_ACCESS
Mcu.Pin34=PD14
Mcu.Pin31=PD10
Mcu.Pin32=PD11
PA9.Locked=true
Dma.SAI1_A.0.SyncRequestNumber=1
NVIC.NonMaskableInt_IRQn=true\:0\:0\:false\:false\:true\:false\:false
RCC.CDPPRE=RCC_APB3_DIV2
ProjectManager.FreePins=false
RCC.LPTIM2Freq_Value=140000000
OCTOSPI1.FifoThreshold=4
Mcu.Pin26=PB13
Mcu.Pin27=PB14
Mcu.Pin24=PB11
ProjectManager.UnderRoot=false
PE13.Locked=true
Mcu.Pin25=PB12
CORTEX_M7.IPParameters=CPU_ICache,MPU_Control,Enable-Cortex_Memory_Protection_Unit_Region0_Settings,BaseAddress-Cortex_Memory_Protection_Unit_Region0_Settings,Size-Cortex_Memory_Protection_Unit_Region0_Settings,AccessPermission-Cortex_Memory_Protection_Unit_Region0_Settings,DisableExec-Cortex_Memory_Protection_Unit_Region0_Settings,Enable-Cortex_Memory_Protection_Unit_Region1_Settings,BaseAddress-Cortex_Memory_Protection_Unit_Region1_Settings,Size-Cortex_Memory_Protection_Unit_Region1_Settings,AccessPermission-Cortex_Memory_Protection_Unit_Region1_Settings,DisableExec-Cortex_Memory_Protection_Unit_Region1_Settings
Mcu.Pin28=PB15
Mcu.Pin29=PD8
PA4.Signal=COMP_DAC11_group
PD14.GPIOParameters=GPIO_PuPd,GPIO_Label
OCTOSPI1.MemoryType=HAL_OSPI_MEMTYPE_MACRONIX
Mcu.Pin22=PE15
PB5.Signal=LTDC_B5
WWDG1.Prescaler=WWDG_PRESCALER_32
Mcu.Pin23=PB10
Mcu.Pin20=PE11
Mcu.Pin21=PE13
PD12.Mode=OCTOSPI1_IOL_Port1L
PD10.Locked=true
PA10.Locked=true
NVIC.ForceEnableDMAVector=true
PD11.Signal=GPIO_Input
NVIC.MemoryManagement_IRQn=true\:0\:0\:false\:false\:true\:false\:false
ProjectManager.CompilerOptimize=6
PD15.Locked=true
PD1.PinState=GPIO_PIN_RESET
LTDC.Alpha_L0=255
PA11.Signal=LTDC_R4
ProjectManager.HeapSize=0x200
PA0.GPIOParameters=GPIO_Label
Mcu.Pin15=PA7
NVIC.HardFault_IRQn=true\:0\:0\:false\:false\:true\:false\:false
Mcu.Pin16=PC5
PB1.Mode=OCTOSPI1_IOL_Port1L
Mcu.Pin13=PA5
PD0.GPIO_PuPd=GPIO_PULLUP
Mcu.Pin14=PA6
Mcu.Pin19=PB2
RCC.LPTIM345Freq_Value=140000000
ProjectManager.ComputerToolchain=false
Mcu.Pin17=PB0
Mcu.Pin18=PB1
RCC.LTDCFreq_Value=6000000
NVIC.PriorityGroup=NVIC_PRIORITYGROUP_4
Mcu.Pin11=PA1
OCTOSPI1.FreeRunningClock=HAL_OSPI_FREERUNCLK_DISABLE
Mcu.Pin12=PA4
PD0.GPIOParameters=GPIO_PuPd,GPIO_Label
PB8.Mode=RGB666
Mcu.Pin10=PA0
PE2.Locked=true
PE3.Signal=GPIO_Output
PA8.Mode=RGB666
SPI2.DataSize=SPI_DATASIZE_8BIT
PD2.Signal=LTDC_B7
RCC.HCLK3ClockFreq_Value=280000000
RCC.DIVR3=24
RCC.DIVR2=5
PD1.Locked=true
PB0.Signal=LTDC_R3
Dma.SAI1_A.0.FIFOMode=DMA_FIFOMODE_ENABLE
RCC.SAI2AFreq_Value=280000000
PC0.Locked=true
PC1.Signal=GPIO_Input
PB12.GPIOParameters=PinState
Dma.SAI1_A.0.Instance=DMA1_Stream0
Dma.SAI1_A.0.PeriphDataAlignment=DMA_PDATAALIGN_HALFWORD
SAI1.InitProtocol-SAI_A_Master=Enable
LTDC.Alpha0_L0=255
PE15.Mode=RGB666
WWDG1.Counter=127
Mcu.Family=STM32H7
Dma.SAI1_A.0.RequestParameters=Instance,Direction,PeriphInc,MemInc,PeriphDataAlignment,MemDataAlignment,Mode,Priority,FIFOMode,FIFOThreshold,MemBurst,PeriphBurst,SignalID,Polarity,RequestNumber,SyncSignalID,SyncPolarity,SyncEnable,EventEnable,SyncRequestNumber
RCC.DIVQ2Freq_Value=245760000
ProjectManager.MainLocation=Core/Src
RCC.CDCPREFreq_Value=280000000
RCC.SAI1Freq_Value=98304000
RCC.CortexFreq_Value=280000000
ProjectManager.KeepUserCode=true
Mcu.UserName=STM32H7B0VBTx
PD9.GPIOParameters=GPIO_PuPd,GPIO_Label
OCTOSPI1.DeviceSize=24
LTDC.HBP=51
SH.COMP_DAC12_group.0=DAC1_OUT2,DAC_OUT2
PC10.Locked=true
PC10.Signal=LTDC_R2
PC5.Locked=true
PA0.GPIO_Label=BTN_PWR
ProjectManager.functionlistsort=1-MX_GPIO_Init-GPIO-false-HAL-true,2-MX_DMA_Init-DMA-false-HAL-true,3-SystemClock_Config-RCC-false-HAL-false,4-MX_LTDC_Init-LTDC-false-HAL-true,5-MX_SPI2_Init-SPI2-false-HAL-true,6-MX_OCTOSPI1_Init-OCTOSPI1-false-HAL-true,7-MX_SAI1_Init-SAI1-false-HAL-true,8-MX_RTC_Init-RTC-false-HAL-true,9-MX_DAC1_Init-DAC1-false-HAL-true,10-MX_DAC2_Init-DAC2-false-HAL-true,0-MX_CORTEX_M7_Init-CORTEX_M7-false-HAL-true
SAI1.VirtualProtocol-SAI_A_BASIC=VM_BASIC_PROTOCOL
PD0.GPIO_Label=BTN_Up
PA11.Mode=RGB666
PC9.Locked=true
PD6.Locked=true
VP_RTC_VS_RTC_Calendar.Signal=RTC_VS_RTC_Calendar
PD2.Locked=true
RCC.VCO2OutputFreq_Value=491520000
PC13.GPIO_Label=BTN_PAUSE
PC1.Locked=true
PB11.Signal=LTDC_G5
PB15.Signal=SPI2_MOSI
LTDC.PCPolarity=LTDC_PCPOLARITY_IIPC
ProjectManager.StackSize=0x400
RCC.VCOInput3Freq_Value=16000000
Mcu.IP4=LTDC
Mcu.IP5=NVIC
Mcu.IP2=DAC2
PD11.GPIO_PuPd=GPIO_PULLUP
Mcu.IP3=DMA
Mcu.IP0=CORTEX_M7
Mcu.IP1=DAC1
OCTOSPI1.ClockPrescaler=1
PE11.Mode=OCTOSPI1_Port1_NCS
Mcu.UserConstants=
PC1.GPIOParameters=GPIO_PuPd,GPIO_Label
RCC.DIVP3Freq_Value=72000000
RCC.SDMMCFreq_Value=280000000
Mcu.ThirdPartyNb=0
PD11.GPIO_Label=BTN_Left
RCC.HCLKFreq_Value=280000000
Mcu.IPNb=13
ProjectManager.PreviousToolchain=
SH.COMP_DAC12_group.ConfNb=1
RCC.SPDIFRXFreq_Value=280000000
LTDC.WindowX1_L0=320
PD8.GPIOParameters=PinState
PD10.Mode=RGB666
Mcu.Pin6=PC14-OSC32_IN
Mcu.Pin7=PC15-OSC32_OUT
Mcu.Pin8=PC0
Mcu.Pin9=PC1
Dma.SAI1_A.0.SyncPolarity=HAL_DMAMUX_SYNC_NO_EVENT
SPI2.BaudRatePrescaler=SPI_BAUDRATEPRESCALER_16
PE3.PinState=GPIO_PIN_SET
Mcu.Pin0=PE2
Mcu.Pin1=PE3
GPIO.groupedBy=Group By Peripherals
Mcu.Pin2=PE4
Mcu.Pin3=PE5
Mcu.Pin4=PE6
Mcu.Pin5=PC13
RCC.DIVR3Freq_Value=6000000
NVIC.DebugMonitor_IRQn=true\:0\:0\:false\:false\:true\:false\:false
Mcu.IP10=SPI2
VP_WWDG1_VS_WWDG.Mode=WWDG_Activate
NVIC.SysTick_IRQn=true\:0\:0\:false\:false\:true\:false\:true
Mcu.IP12=WWDG1
Mcu.IP11=SYS
LTDC.VBP=6
SH.COMP_DAC21_group.ConfNb=1
RCC.DIVP1Freq_Value=280000000
PE13.Signal=LTDC_DE
PC14-OSC32_IN.Mode=LSE-External-Oscillator
OCTOSPI1.ChipSelectHighTime=2
PB5.Mode=RGB666
File.Version=6
PC13.GPIO_PuPd=GPIO_PULLUP
PE3.GPIOParameters=PinState,GPIO_Label
Dma.SAI1_A.0.EventEnable=DISABLE
RTC.AsynchPrediv=127
LTDC.HFP=12
PE3.Locked=true
PB8.Locked=true
PE4.Mode=SAI_A_Master
LTDC.ActiveW=320
PE4.Signal=SAI1_FS_A
CORTEX_M7.DisableExec-Cortex_Memory_Protection_Unit_Region0_Settings=MPU_INSTRUCTION_ACCESS_DISABLE
Dma.RequestsNb=1
PB0.Locked=true
ProjectManager.ProjectName=gw_retrogo
RCC.APB3Freq_Value=140000000
NVIC.WWDG_IRQn=true\:0\:0\:false\:false\:true\:true\:true
PA6.Signal=COMP_DAC21_group
PA7.Locked=true
CORTEX_M7.BaseAddress-Cortex_Memory_Protection_Unit_Region1_Settings=0x24000000
Dma.SAI1_A.0.MemDataAlignment=DMA_MDATAALIGN_HALFWORD
PD5.GPIO_Label=BTN_B
ProjectManager.ToolChainLocation=
PD15.GPIO_PuPd=GPIO_PULLUP
PD14.Locked=true
RCC.DIVR1Freq_Value=280000000
CORTEX_M7.Size-Cortex_Memory_Protection_Unit_Region1_Settings=MPU_REGION_SIZE_512KB
NVIC.DMA1_Stream0_IRQn=true\:0\:0\:false\:false\:true\:false\:true
SPI2.Direction=SPI_DIRECTION_2LINES_TXONLY
PC5.Signal=GPIO_Input
PD6.Signal=LTDC_B2
SAI1.MonoStereoMode-SAI_A_Master=SAI_MONOMODE
SH.COMP_DAC11_group.ConfNb=1
Dma.Request0=SAI1_A
VP_OCTOSPI1_VS_quad.Signal=OCTOSPI1_VS_quad
RCC.SRDPPRE=RCC_APB4_DIV2
RCC.Tim2OutputFreq_Value=280000000
RCC.DFSDMACLkFreq_Value=98304000
PB15.Locked=true
VP_RTC_VS_RTC_Activate.Signal=RTC_VS_RTC_Activate
WWDG1.IPParameters=Prescaler,Window,Counter,EWIMode
PC15-OSC32_OUT.Mode=LSE-External-Oscillator
NVIC.LTDC_IRQn=true\:0\:0\:false\:false\:true\:true\:true
LTDC.FBStartAdress_L0=0x24000000
OCTOSPI1.ClockMode=HAL_OSPI_CLOCK_MODE_0
CORTEX_M7.CPU_ICache=Disabled
LTDC.VFP=8
PD15.GPIO_Label=BTN_Right
LTDC.WindowY1_L0=240
PA7.Mode=RGB666
PA10.Mode=RGB666
ProjectManager.NoMain=false
Dma.SAI1_A.0.Direction=DMA_MEMORY_TO_PERIPH
RCC.RCC_TIM_PRescaler_Selection=RCC_TIMPRES_ACTIVATED
Dma.SAI1_A.0.SignalID=NONE
SPI2.NSSPMode=SPI_NSS_PULSE_DISABLE
PC10.Mode=RGB666
ProjectManager.DefaultFWLocation=true
PD9.Signal=GPIO_Input
PD5.Signal=GPIO_Input
PB12.Locked=true
ProjectManager.DeletePrevious=true
PB10.Locked=true
PC5.GPIO_PuPd=GPIO_PULLUP
Dma.SAI1_A.0.MemInc=DMA_MINC_ENABLE
RCC.FamilyName=M
PC0.Mode=RGB666
PD12.Locked=true
RCC.SPI6Freq_Value=140000000
CORTEX_M7.MPU_Control=MPU_HFNMI_PRIVDEF
PA9.Mode=RGB666
RCC.SPI45Freq_Value=140000000
ProjectManager.TargetToolchain=Makefile
Dma.SAI1_A.0.Mode=DMA_CIRCULAR
RCC.VCO1OutputFreq_Value=560000000
LTDC.ActiveH=240
SAI1.ErrorAudioFreq-SAI_A_Master=0.0 %
PC5.GPIOParameters=GPIO_PuPd,GPIO_Label
RCC.AXIClockFreq_Value=280000000
PE4.Locked=true
SPI2.IPParameters=VirtualType,Mode,Direction,CalculateBaudRate,DataSize,BaudRatePrescaler,NSSPMode
ProjectManager.RegisterCallBack=
RCC.USBFreq_Value=280000000
PE11.Signal=OCTOSPIM_P1_NCS
PC15-OSC32_OUT.Signal=RCC_OSC32_OUT
PD3.Locked=true
PA1.Signal=OCTOSPIM_P1_IO3
RCC.CKPERFreq_Value=64000000
SAI1.AudioFrequency-SAI_A_Master=SAI_AUDIO_FREQUENCY_48K
PB1.Locked=true
Dma.SAI1_A.0.Priority=DMA_PRIORITY_LOW
PD2.Mode=RGB666
PB0.Mode=RGB666
board=custom
SAI1.IPParameters=Instance-SAI_A_Master,VirtualMode-SAI_A_Master,MckOutput,RealAudioFreq-SAI_A_Master,ErrorAudioFreq-SAI_A_Master,InitProtocol-SAI_A_Master,VirtualProtocol-SAI_A_BASIC,MonoStereoMode-SAI_A_Master,AudioFrequency-SAI_A_Master,FIFOThreshold-SAI_A_Master
PB15.Mode=TX_Only_Simplex_Unidirect_Master
PD11.GPIOParameters=GPIO_PuPd,GPIO_Label
RCC.VCOInput1Freq_Value=4000000
RCC.APB2Freq_Value=140000000
MxCube.Version=6.1.1
LTDC.Layers=0
PC13.GPIOParameters=GPIO_PuPd,GPIO_Label
RCC.FDCANFreq_Value=280000000
PE5.Mode=SAI_A_Master
RCC.ADCFreq_Value=98304000
PC1.GPIO_Label=BTN_GAME
PD4.GPIOParameters=PinState
VP_SYS_VS_Systick.Mode=SysTick
PD5.GPIO_PuPd=GPIO_PULLUP
PD14.GPIO_Label=BTN_Down
PE5.Locked=true
PE6.Signal=SAI1_SD_A
RCC.IPParameters=ADCFreq_Value,AHB12Freq_Value,AHB4Freq_Value,APB1Freq_Value,APB2Freq_Value,APB3Freq_Value,APB4Freq_Value,AXIClockFreq_Value,CDCPREFreq_Value,CDPPRE,CDPPRE1,CDPPRE2,CECFreq_Value,CKPERFreq_Value,CortexFreq_Value,CpuClockFreq_Value,DFSDM2ACLkFreq_Value,DFSDM2Freq_Value,DFSDMACLkFreq_Value,DFSDMFreq_Value,DIVM1,DIVM2,DIVM3,DIVN1,DIVN2,DIVN3,DIVP1Freq_Value,DIVP2,DIVP2Freq_Value,DIVP3Freq_Value,DIVQ1Freq_Value,DIVQ2Freq_Value,DIVQ3Freq_Value,DIVR1Freq_Value,DIVR2,DIVR2Freq_Value,DIVR3,DIVR3Freq_Value,FDCANFreq_Value,FMCFreq_Value,FamilyName,HCLK3ClockFreq_Value,HCLKFreq_Value,I2C123Freq_Value,I2C4Freq_Value,LPTIM1Freq_Value,LPTIM2Freq_Value,LPTIM345Freq_Value,LPUART1Freq_Value,LTDCFreq_Value,MCO1PinFreq_Value,MCO2PinFreq_Value,PLL3FRACN,QSPICLockSelection,QSPIFreq_Value,RCC_TIM_PRescaler_Selection,RNGFreq_Value,RTCFreq_Value,SAI1CLockSelection,SAI1Freq_Value,SAI2AFreq_Value,SAI2BFreq_Value,SDMMCFreq_Value,SPDIFRXFreq_Value,SPI123CLockSelection,SPI123Freq_Value,SPI45Freq_Value,SPI6Freq_Value,SRDPPRE,SWPMI1Freq_Value,SYSCLKFreq_VALUE,SYSCLKSource,Tim1OutputFreq_Value,Tim2OutputFreq_Value,TraceFreq_Value,USART16Freq_Value,USART234578Freq_Value,USBFreq_Value,VCO1OutputFreq_Value,VCO2OutputFreq_Value,VCO3OutputFreq_Value,VCOInput1Freq_Value,VCOInput2Freq_Value,VCOInput3Freq_Value,VDD_VALUE
PE11.Locked=true
ProjectManager.AskForMigrate=true
Mcu.Name=STM32H7B0VBTx
WWDG1.Window=127
CORTEX_M7.Size-Cortex_Memory_Protection_Unit_Region0_Settings=MPU_REGION_SIZE_128KB
NVIC.OCTOSPI1_IRQn=true\:0\:0\:false\:true\:true\:1\:true\:true
CORTEX_M7.AccessPermission-Cortex_Memory_Protection_Unit_Region1_Settings=MPU_REGION_FULL_ACCESS
PB2.Locked=true
Mcu.IP8=RTC
Mcu.IP9=SAI1
PD14.Signal=GPIO_Input
Mcu.IP6=OCTOSPI1
Mcu.IP7=RCC
ProjectManager.CoupleFile=false
RCC.SYSCLKFreq_VALUE=280000000
RCC.I2C123Freq_Value=140000000
PA1.Locked=true
KeepUserPlacement=false
PC5.GPIO_Label=BTN_TIME
PB2.Mode=O1_P1_CLK
RCC.QSPICLockSelection=RCC_OSPICLKSOURCE_CLKP
LTDC.Green_L0=255
Dma.SAI1_A.0.MemBurst=DMA_MBURST_SINGLE
OCTOSPI1.IPParameters=MemoryType,DeviceSize,FreeRunningClock,ClockMode,ClockPrescaler,FifoThreshold,ChipSelectHighTime,ChipSelectBoundary
RCC.DIVQ1Freq_Value=280000000
PB8.Signal=LTDC_B6
PE3.GPIO_Label=GPIO_Speaker_enable
PC9.Signal=LTDC_G3
PC7.Mode=RGB666
RCC.VCOInput2Freq_Value=2560000
PD9.Locked=true
RCC.APB1Freq_Value=140000000
PD8.PinState=GPIO_PIN_SET
LTDC.ImageHeight_L0=240
PB11.Locked=true
ProjectManager.DeviceId=STM32H7B0VBTx
PB12.Signal=GPIO_Output
ProjectManager.LibraryCopy=0
Dma.SAI1_A.0.SyncEnable=DISABLE
PA7.Signal=LTDC_VSYNC
PA6.Locked=true
